
Microsoft Visual Studio Solution File, Format Version 12.00
# Visual Studio Version 16
VisualStudioVersion = 16.0.31729.503
MinimumVisualStudioVersion = 10.0.40219.1
Project("{8BC9CEB8-8B4A-11D0-8D11-00A0C91BC942}") = "SouthWorstLuggageEstimationLibrary", "SouthWorstLuggageEstimationLibrary.vcxproj", "{1ECDD72E-5E5A-4875-81FA-72E8002A58B0}"
EndProject
Project("{9A19103F-16F7-4668-BE54-9A1E7A4F7556}") = "LuggageWrapperExample", "..\SouthWorstLuggageWrapper\LuggageWrapperExample.csproj", "{60A56C79-2690-47DD-A670-B9CD454B8C2D}"
EndProject
Project("{FAE04EC0-301F-11D3-BF4B-00C04F79EFBC}") = "LuggageCalculationsTest", "..\LuggageCalculationsTest\LuggageCalculationsTest.csproj", "{BF66258B-793F-4BB8-825C-6EB5B0599EAC}"
EndProject
Global
	GlobalSection(SolutionConfigurationPlatforms) = preSolution
		Debug|Any CPU = Debug|Any CPU
		Debug|x64 = Debug|x64
		Debug|x86 = Debug|x86
		Release|Any CPU = Release|Any CPU
		Release|x64 = Release|x64
		Release|x86 = Release|x86
	EndGlobalSection
	GlobalSection(ProjectConfigurationPlatforms) = postSolution
		{1ECDD72E-5E5A-4875-81FA-72E8002A58B0}.Debug|Any CPU.ActiveCfg = Debug|Win32
		{1ECDD72E-5E5A-4875-81FA-72E8002A58B0}.Debug|x64.ActiveCfg = Debug|x64
		{1ECDD72E-5E5A-4875-81FA-72E8002A58B0}.Debug|x64.Build.0 = Debug|x64
		{1ECDD72E-5E5A-4875-81FA-72E8002A58B0}.Debug|x86.ActiveCfg = Debug|x64
		{1ECDD72E-5E5A-4875-81FA-72E8002A58B0}.Debug|x86.Build.0 = Debug|x64
		{1ECDD72E-5E5A-4875-81FA-72E8002A58B0}.Release|Any CPU.ActiveCfg = Release|Win32
		{1ECDD72E-5E5A-4875-81FA-72E8002A58B0}.Release|x64.ActiveCfg = Release|x64
		{1ECDD72E-5E5A-4875-81FA-72E8002A58B0}.Release|x64.Build.0 = Release|x64
		{1ECDD72E-5E5A-4875-81FA-72E8002A58B0}.Release|x86.ActiveCfg = Release|Win32
		{1ECDD72E-5E5A-4875-81FA-72E8002A58B0}.Release|x86.Build.0 = Release|Win32
		{60A56C79-2690-47DD-A670-B9CD454B8C2D}.Debug|Any CPU.ActiveCfg = Debug|Any CPU
		{60A56C79-2690-47DD-A670-B9CD454B8C2D}.Debug|Any CPU.Build.0 = Debug|Any CPU
		{60A56C79-2690-47DD-A670-B9CD454B8C2D}.Debug|x64.ActiveCfg = Debug|Any CPU
		{60A56C79-2690-47DD-A670-B9CD454B8C2D}.Debug|x64.Build.0 = Debug|Any CPU
		{60A56C79-2690-47DD-A670-B9CD454B8C2D}.Debug|x86.ActiveCfg = Debug|Any CPU
		{60A56C79-2690-47DD-A670-B9CD454B8C2D}.Debug|x86.Build.0 = Debug|Any CPU
		{60A56C79-2690-47DD-A670-B9CD454B8C2D}.Release|Any CPU.ActiveCfg = Release|Any CPU
		{60A56C79-2690-47DD-A670-B9CD454B8C2D}.Release|Any CPU.Build.0 = Release|Any CPU
		{60A56C79-2690-47DD-A670-B9CD454B8C2D}.Release|x64.ActiveCfg = Release|Any CPU
		{60A56C79-2690-47DD-A670-B9CD454B8C2D}.Release|x64.Build.0 = Release|Any CPU
		{60A56C79-2690-47DD-A670-B9CD454B8C2D}.Release|x86.ActiveCfg = Release|Any CPU
		{60A56C79-2690-47DD-A670-B9CD454B8C2D}.Release|x86.Build.0 = Release|Any CPU
		{BF66258B-793F-4BB8-825C-6EB5B0599EAC}.Debug|Any CPU.ActiveCfg = Debug|Any CPU
		{BF66258B-793F-4BB8-825C-6EB5B0599EAC}.Debug|Any CPU.Build.0 = Debug|Any CPU
		{BF66258B-793F-4BB8-825C-6EB5B0599EAC}.Debug|x64.ActiveCfg = Debug|Any CPU
		{BF66258B-793F-4BB8-825C-6EB5B0599EAC}.Debug|x64.Build.0 = Debug|Any CPU
		{BF66258B-793F-4BB8-825C-6EB5B0599EAC}.Debug|x86.ActiveCfg = Debug|Any CPU
		{BF66258B-793F-4BB8-825C-6EB5B0599EAC}.Debug|x86.Build.0 = Debug|Any CPU
		{BF66258B-793F-4BB8-825C-6EB5B0599EAC}.Release|Any CPU.ActiveCfg = Release|Any CPU
		{BF66258B-793F-4BB8-825C-6EB5B0599EAC}.Release|Any CPU.Build.0 = Release|Any CPU
		{BF66258B-793F-4BB8-825C-6EB5B0599EAC}.Release|x64.ActiveCfg = Release|Any CPU
		{BF66258B-793F-4BB8-825C-6EB5B0599EAC}.Release|x64.Build.0 = Release|Any CPU
		{BF66258B-793F-4BB8-825C-6EB5B0599EAC}.Release|x86.ActiveCfg = Release|Any CPU
		{BF66258B-793F-4BB8-825C-6EB5B0599EAC}.Release|x86.Build.0 = Release|Any CPU
	EndGlobalSection
	GlobalSection(SolutionProperties) = preSolution
		HideSolutionNode = FALSE
	EndGlobalSection
	GlobalSection(ExtensibilityGlobals) = postSolution
		SolutionGuid = {03C316ED-0776-477B-97B4-32872500B270}
	EndGlobalSection
EndGlobal
